# This file is automatically @generated by Cargo.
# It is not intended for manual editing.
version = 4

[[package]]
name = "rua"
version = "0.1.0"

[[package]]
name = "rua_capi"
version = "0.1.0"
dependencies = [
 "rua",
 "rua_vm",
]

[[package]]
name = "rua_cli"
version = "0.1.0"
dependencies = [
 "rua",
 "rua_vm",
]

[[package]]
name = "rua_vm"
version = "0.1.0"
dependencies = [
 "rua",
]
